
Microsoft Visual Studio Solution File, Format Version 12.00
# Visual Studio 2013
VisualStudioVersion = 12.0.21005.1
MinimumVisualStudioVersion = 10.0.40219.1
Project("{8BC9CEB8-8B4A-11D0-8D11-00A0C91BC942}") = "task1", "task1\task1.vcxproj", "{3BC317C1-FF32-4122-945D-9F613EEE2177}"
EndProject
Project("{8BC9CEB8-8B4A-11D0-8D11-00A0C91BC942}") = "task1Test", "task1Test\task1Test.vcxproj", "{0DE44371-31C5-4F91-B185-7FAA86FC8EF9}"
EndProject
Global
	GlobalSection(SolutionConfigurationPlatforms) = preSolution
		Debug|Win32 = Debug|Win32
		Release|Win32 = Release|Win32
	EndGlobalSection
	GlobalSection(ProjectConfigurationPlatforms) = postSolution
		{3BC317C1-FF32-4122-945D-9F613EEE2177}.Debug|Win32.ActiveCfg = Debug|Win32
		{3BC317C1-FF32-4122-945D-9F613EEE2177}.Debug|Win32.Build.0 = Debug|Win32
		{3BC317C1-FF32-4122-945D-9F613EEE2177}.Release|Win32.ActiveCfg = Release|Win32
		{3BC317C1-FF32-4122-945D-9F613EEE2177}.Release|Win32.Build.0 = Release|Win32
		{0DE44371-31C5-4F91-B185-7FAA86FC8EF9}.Debug|Win32.ActiveCfg = Debug|Win32
		{0DE44371-31C5-4F91-B185-7FAA86FC8EF9}.Debug|Win32.Build.0 = Debug|Win32
		{0DE44371-31C5-4F91-B185-7FAA86FC8EF9}.Release|Win32.ActiveCfg = Release|Win32
		{0DE44371-31C5-4F91-B185-7FAA86FC8EF9}.Release|Win32.Build.0 = Release|Win32
	EndGlobalSection
	GlobalSection(SolutionProperties) = preSolution
		HideSolutionNode = FALSE
	EndGlobalSection
EndGlobal
